
Microsoft Visual Studio Solution File, Format Version 12.00
# Visual Studio 15
VisualStudioVersion = 15.0.27703.2018
MinimumVisualStudioVersion = 10.0.40219.1
Project("{FAE04EC0-301F-11D3-BF4B-00C04F79EFBC}") = "Learning_Github", "Learning_Github\Learning_Github.csproj", "{F932B2A1-1C20-4EBE-A8D2-FD2665FDE6F9}"
EndProject
Global
	GlobalSection(SolutionConfigurationPlatforms) = preSolution
		Debug|Any CPU = Debug|Any CPU
		Release|Any CPU = Release|Any CPU
	EndGlobalSection
	GlobalSection(ProjectConfigurationPlatforms) = postSolution
		{F932B2A1-1C20-4EBE-A8D2-FD2665FDE6F9}.Debug|Any CPU.ActiveCfg = Debug|Any CPU
		{F932B2A1-1C20-4EBE-A8D2-FD2665FDE6F9}.Debug|Any CPU.Build.0 = Debug|Any CPU
		{F932B2A1-1C20-4EBE-A8D2-FD2665FDE6F9}.Release|Any CPU.ActiveCfg = Release|Any CPU
		{F932B2A1-1C20-4EBE-A8D2-FD2665FDE6F9}.Release|Any CPU.Build.0 = Release|Any CPU
	EndGlobalSection
	GlobalSection(SolutionProperties) = preSolution
		HideSolutionNode = FALSE
	EndGlobalSection
	GlobalSection(ExtensibilityGlobals) = postSolution
		SolutionGuid = {DAC6B741-16CB-4C4C-B133-FFC11344BB20}
	EndGlobalSection
EndGlobal
